
Microsoft Visual Studio Solution File, Format Version 12.00
# Visual Studio Version 17
VisualStudioVersion = 17.6.33815.320
MinimumVisualStudioVersion = 10.0.40219.1
Project("{FAE04EC0-301F-11D3-BF4B-00C04F79EFBC}") = "KnowledgeBase", "KnowledgeBase\KnowledgeBase.csproj", "{6CCEADE0-61F7-4A6C-A6AC-9A94F2811BC4}"
EndProject
Global
	GlobalSection(SolutionConfigurationPlatforms) = preSolution
		Debug|Any CPU = Debug|Any CPU
		Release|Any CPU = Release|Any CPU
	EndGlobalSection
	GlobalSection(ProjectConfigurationPlatforms) = postSolution
		{6CCEADE0-61F7-4A6C-A6AC-9A94F2811BC4}.Debug|Any CPU.ActiveCfg = Debug|Any CPU
		{6CCEADE0-61F7-4A6C-A6AC-9A94F2811BC4}.Debug|Any CPU.Build.0 = Debug|Any CPU
		{6CCEADE0-61F7-4A6C-A6AC-9A94F2811BC4}.Release|Any CPU.ActiveCfg = Release|Any CPU
		{6CCEADE0-61F7-4A6C-A6AC-9A94F2811BC4}.Release|Any CPU.Build.0 = Release|Any CPU
	EndGlobalSection
	GlobalSection(SolutionProperties) = preSolution
		HideSolutionNode = FALSE
	EndGlobalSection
	GlobalSection(ExtensibilityGlobals) = postSolution
		SolutionGuid = {5EB46636-A119-4021-93FE-B57E0E38227D}
	EndGlobalSection
EndGlobal
